Microsoft Visual Studio Solution File, Format Version 12.00
# Visual Studio Version 17
VisualStudioVersion = 17.5.2.0
MinimumVisualStudioVersion = 10.0.40219.1
Project("{FAE04EC0-301F-11D3-BF4B-00C04F79EFBC}") = "Ado.Mcp", "Ado.Mcp\Ado.Mcp.csproj", "{306C1BD4-6AF9-141B-206B-1335025F3CAD}"
EndProject
Project("{FAE04EC0-301F-11D3-BF4B-00C04F79EFBC}") = "Ado.Mcp.AppHost", "Ado.Mcp.AppHost\Ado.Mcp.AppHost.csproj", "{8FEA03D3-8435-469A-ADEE-8A1A0DA3FE78}"
EndProject
Project("{FAE04EC0-301F-11D3-BF4B-00C04F79EFBC}") = "Ado.Mcp.ServiceDefaults", "Ado.Mcp.ServiceDefaults\Ado.Mcp.ServiceDefaults.csproj", "{955F42AC-5827-0D10-4B4C-5DCF583C831A}"
EndProject
Global
	GlobalSection(SolutionConfigurationPlatforms) = preSolution
		Debug|Any CPU = Debug|Any CPU
		Release|Any CPU = Release|Any CPU
	EndGlobalSection
	GlobalSection(ProjectConfigurationPlatforms) = postSolution
		{306C1BD4-6AF9-141B-206B-1335025F3CAD}.Debug|Any CPU.ActiveCfg = Debug|Any CPU
		{306C1BD4-6AF9-141B-206B-1335025F3CAD}.Debug|Any CPU.Build.0 = Debug|Any CPU
		{306C1BD4-6AF9-141B-206B-1335025F3CAD}.Release|Any CPU.ActiveCfg = Release|Any CPU
		{306C1BD4-6AF9-141B-206B-1335025F3CAD}.Release|Any CPU.Build.0 = Release|Any CPU
		{8FEA03D3-8435-469A-ADEE-8A1A0DA3FE78}.Debug|Any CPU.ActiveCfg = Debug|Any CPU
		{8FEA03D3-8435-469A-ADEE-8A1A0DA3FE78}.Debug|Any CPU.Build.0 = Debug|Any CPU
		{8FEA03D3-8435-469A-ADEE-8A1A0DA3FE78}.Release|Any CPU.ActiveCfg = Release|Any CPU
		{8FEA03D3-8435-469A-ADEE-8A1A0DA3FE78}.Release|Any CPU.Build.0 = Release|Any CPU
		{955F42AC-5827-0D10-4B4C-5DCF583C831A}.Debug|Any CPU.ActiveCfg = Debug|Any CPU
		{955F42AC-5827-0D10-4B4C-5DCF583C831A}.Debug|Any CPU.Build.0 = Debug|Any CPU
		{955F42AC-5827-0D10-4B4C-5DCF583C831A}.Release|Any CPU.ActiveCfg = Release|Any CPU
		{955F42AC-5827-0D10-4B4C-5DCF583C831A}.Release|Any CPU.Build.0 = Release|Any CPU
	EndGlobalSection
	GlobalSection(SolutionProperties) = preSolution
		HideSolutionNode = FALSE
	EndGlobalSection
	GlobalSection(ExtensibilityGlobals) = postSolution
		SolutionGuid = {46EC7328-1893-4E83-8E70-E3D800F5C21D}
	EndGlobalSection
EndGlobal
